
Microsoft Visual Studio Solution File, Format Version 12.00
# Visual Studio Version 16
VisualStudioVersion = 16.0.31424.327
MinimumVisualStudioVersion = 10.0.40219.1
Project("{FAE04EC0-301F-11D3-BF4B-00C04F79EFBC}") = "API Test", "API Test.csproj", "{E4EA74FE-45BC-4B39-B079-C972AAEBB416}"
EndProject
Global
	GlobalSection(SolutionConfigurationPlatforms) = preSolution
		Debug|Any CPU = Debug|Any CPU
		Release|Any CPU = Release|Any CPU
	EndGlobalSection
	GlobalSection(ProjectConfigurationPlatforms) = postSolution
		{E4EA74FE-45BC-4B39-B079-C972AAEBB416}.Debug|Any CPU.ActiveCfg = Debug|Any CPU
		{E4EA74FE-45BC-4B39-B079-C972AAEBB416}.Debug|Any CPU.Build.0 = Debug|Any CPU
		{E4EA74FE-45BC-4B39-B079-C972AAEBB416}.Release|Any CPU.ActiveCfg = Release|Any CPU
		{E4EA74FE-45BC-4B39-B079-C972AAEBB416}.Release|Any CPU.Build.0 = Release|Any CPU
	EndGlobalSection
	GlobalSection(SolutionProperties) = preSolution
		HideSolutionNode = FALSE
	EndGlobalSection
	GlobalSection(ExtensibilityGlobals) = postSolution
		SolutionGuid = {300EB3C5-AF43-4D4E-A8BF-73B4EE1E3931}
	EndGlobalSection
EndGlobal
